
Microsoft Visual Studio Solution File, Format Version 12.00
# Visual Studio Version 16
VisualStudioVersion = 16.0.31515.178
MinimumVisualStudioVersion = 10.0.40219.1
Project("{FAE04EC0-301F-11D3-BF4B-00C04F79EFBC}") = "HandsOnWork", "HandsOnWork\HandsOnWork.csproj", "{EC225F38-3A3B-4AF3-933F-A4E64EEC86CC}"
EndProject
Global
	GlobalSection(SolutionConfigurationPlatforms) = preSolution
		Debug|Any CPU = Debug|Any CPU
		Release|Any CPU = Release|Any CPU
	EndGlobalSection
	GlobalSection(ProjectConfigurationPlatforms) = postSolution
		{EC225F38-3A3B-4AF3-933F-A4E64EEC86CC}.Debug|Any CPU.ActiveCfg = Debug|Any CPU
		{EC225F38-3A3B-4AF3-933F-A4E64EEC86CC}.Debug|Any CPU.Build.0 = Debug|Any CPU
		{EC225F38-3A3B-4AF3-933F-A4E64EEC86CC}.Release|Any CPU.ActiveCfg = Release|Any CPU
		{EC225F38-3A3B-4AF3-933F-A4E64EEC86CC}.Release|Any CPU.Build.0 = Release|Any CPU
	EndGlobalSection
	GlobalSection(SolutionProperties) = preSolution
		HideSolutionNode = FALSE
	EndGlobalSection
	GlobalSection(ExtensibilityGlobals) = postSolution
		SolutionGuid = {5F3224EA-34CE-4776-80FC-E78CF9E740C2}
	EndGlobalSection
EndGlobal
